<?xml version="1.0" encoding="utf-8"?>
<Project ToolsVersion="4.0" xmlns="http://schemas.microsoft.com/developer/msbuild/2003">
  <ItemGroup>
    <Filter Include="Scene">
      <UniqueIdentifier>{656b04f3-eebb-42ed-894b-3e60fa271414}</UniqueIdentifier>
    </Filter>
    <Filter Include="Common">
      <UniqueIdentifier>{5f7b464e-ecde-4804-b5f5-9f6fd9daa921}</UniqueIdentifier>
    </Filter>
    <Filter Include="Render">
      <UniqueIdentifier>{6c5579df-2fd2-4120-8d66-4f5140c9ef3a}</UniqueIdentifier>
    </Filter>
    <Filter Include="Render\Shaders">
      <UniqueIdentifier>{e28b269e-a593-4419-99db-8cc40c0e35bb}</UniqueIdentifier>
    </Filter>
    <Filter Include="Render\Import">
      <UniqueIdentifier>{ac40bde1-29c7-476e-922e-fdb32a64ba97}</UniqueIdentifier>
    </Filter>
    <Filter Include="UI">
      <UniqueIdentifier>{8bd9432a-ff7d-4600-86ba-2268a0eee817}</UniqueIdentifier>
    </Filter>
    <Filter Include="Math">
      <UniqueIdentifier>{3376f5e3-6d97-4575-99a8-e29b0416206a}</UniqueIdentifier>
    </Filter>
  </ItemGroup>
  <ItemGroup>
    <ClCompile Include="Source\Scene\Camera.cpp">
      <Filter>Scene</Filter>
    </ClCompile>
    <ClCompile Include="Source\Scene\CarEntity.cpp">
      <Filter>Scene</Filter>
    </ClCompile>
    <ClCompile Include="Source\Scene\Entity.cpp">
      <Filter>Scene</Filter>
    </ClCompile>
    <ClCompile Include="Source\Scene\EntityManager.cpp">
      <Filter>Scene</Filter>
    </ClCompile>
    <ClCompile Include="Source\Scene\Light.cpp">
      <Filter>Scene</Filter>
    </ClCompile>
    <ClCompile Include="Source\Common\CFatalException.cpp">
      <Filter>Common</Filter>
    </ClCompile>
    <ClCompile Include="Source\Common\CHashTable.cpp">
      <Filter>Common</Filter>
    </ClCompile>
    <ClCompile Include="Source\Common\CTimer.cpp">
      <Filter>Common</Filter>
    </ClCompile>
    <ClCompile Include="Source\Common\MSDefines.cpp">
      <Filter>Common</Filter>
    </ClCompile>
    <ClCompile Include="Source\Common\Utility.cpp">
      <Filter>Common</Filter>
    </ClCompile>
    <ClCompile Include="Source\Render\Mesh.cpp">
      <Filter>Render</Filter>
    </ClCompile>
    <ClCompile Include="Source\Render\RenderMethod.cpp">
      <Filter>Render</Filter>
    </ClCompile>
    <ClCompile Include="Source\Render\CImportXFile.cpp">
      <Filter>Render\Import</Filter>
    </ClCompile>
    <ClCompile Include="Source\UI\Input.cpp">
      <Filter>UI</Filter>
    </ClCompile>
    <ClCompile Include="Source\Math\BaseMath.cpp">
      <Filter>Math</Filter>
    </ClCompile>
    <ClCompile Include="Source\Math\CMatrix2x2.cpp">
      <Filter>Math</Filter>
    </ClCompile>
    <ClCompile Include="Source\Math\CMatrix3x3.cpp">
      <Filter>Math</Filter>
    </ClCompile>
    <ClCompile Include="Source\Math\CMatrix4x4.cpp">
      <Filter>Math</Filter>
    </ClCompile>
    <ClCompile Include="Source\Math\CQuaternion.cpp">
      <Filter>Math</Filter>
    </ClCompile>
    <ClCompile Include="Source\Math\CQuatTransform.cpp">
      <Filter>Math</Filter>
    </ClCompile>
    <ClCompile Include="Source\Math\CVector2.cpp">
      <Filter>Math</Filter>
    </ClCompile>
    <ClCompile Include="Source\Math\CVector3.cpp">
      <Filter>Math</Filter>
    </ClCompile>
    <ClCompile Include="Source\Math\CVector4.cpp">
      <Filter>Math</Filter>
    </ClCompile>
    <ClCompile Include="Source\Math\MathIO.cpp">
      <Filter>Math</Filter>
    </ClCompile>
    <ClCompile Include="Source\MainApp.cpp" />
    <ClCompile Include="Source\Portals.cpp" />
  </ItemGroup>
  <ItemGroup>
    <ClInclude Include="Source\Scene\Camera.h">
      <Filter>Scene</Filter>
    </ClInclude>
    <ClInclude Include="Source\Scene\CarEntity.h">
      <Filter>Scene</Filter>
    </ClInclude>
    <ClInclude Include="Source\Scene\Entity.h">
      <Filter>Scene</Filter>
    </ClInclude>
    <ClInclude Include="Source\Scene\EntityManager.h">
      <Filter>Scene</Filter>
    </ClInclude>
    <ClInclude Include="Source\Scene\Light.h">
      <Filter>Scene</Filter>
    </ClInclude>
    <ClInclude Include="Source\Common\CExtensibleFactory.h">
      <Filter>Common</Filter>
    </ClInclude>
    <ClInclude Include="Source\Common\CFatalException.h">
      <Filter>Common</Filter>
    </ClInclude>
    <ClInclude Include="Source\Common\CHashTable.h">
      <Filter>Common</Filter>
    </ClInclude>
    <ClInclude Include="Source\Common\CTimer.h">
      <Filter>Common</Filter>
    </ClInclude>
    <ClInclude Include="Source\Common\Defines.h">
      <Filter>Common</Filter>
    </ClInclude>
    <ClInclude Include="Source\Common\Error.h">
      <Filter>Common</Filter>
    </ClInclude>
    <ClInclude Include="Source\Common\MSDefines.h">
      <Filter>Common</Filter>
    </ClInclude>
    <ClInclude Include="Source\Common\Utility.h">
      <Filter>Common</Filter>
    </ClInclude>
    <ClInclude Include="Source\Render\Mesh.h">
      <Filter>Render</Filter>
    </ClInclude>
    <ClInclude Include="Source\Render\RenderMethod.h">
      <Filter>Render</Filter>
    </ClInclude>
    <ClInclude Include="Source\Render\CImportXFile.h">
      <Filter>Render\Import</Filter>
    </ClInclude>
    <ClInclude Include="Source\Render\MeshData.h">
      <Filter>Render\Import</Filter>
    </ClInclude>
    <ClInclude Include="Source\UI\Input.h">
      <Filter>UI</Filter>
    </ClInclude>
    <ClInclude Include="Source\Math\BaseMath.h">
      <Filter>Math</Filter>
    </ClInclude>
    <ClInclude Include="Source\Math\CMatrix2x2.h">
      <Filter>Math</Filter>
    </ClInclude>
    <ClInclude Include="Source\Math\CMatrix3x3.h">
      <Filter>Math</Filter>
    </ClInclude>
    <ClInclude Include="Source\Math\CMatrix4x4.h">
      <Filter>Math</Filter>
    </ClInclude>
    <ClInclude Include="Source\Math\CQuaternion.h">
      <Filter>Math</Filter>
    </ClInclude>
    <ClInclude Include="Source\Math\CQuatTransform.h">
      <Filter>Math</Filter>
    </ClInclude>
    <ClInclude Include="Source\Math\CVector2.h">
      <Filter>Math</Filter>
    </ClInclude>
    <ClInclude Include="Source\Math\CVector3.h">
      <Filter>Math</Filter>
    </ClInclude>
    <ClInclude Include="Source\Math\CVector4.h">
      <Filter>Math</Filter>
    </ClInclude>
    <ClInclude Include="Source\Math\MathDX.h">
      <Filter>Math</Filter>
    </ClInclude>
    <ClInclude Include="Source\Math\MathIO.h">
      <Filter>Math</Filter>
    </ClInclude>
    <ClInclude Include="Source\Portals.h" />
  </ItemGroup>
  <ItemGroup>
    <None Include="Source\Render\DiffuseColour.psh">
      <Filter>Render\Shaders</Filter>
    </None>
    <None Include="Source\Render\DiffuseColourTex.psh">
      <Filter>Render\Shaders</Filter>
    </None>
    <None Include="Source\Render\PlainColour.psh">
      <Filter>Render\Shaders</Filter>
    </None>
    <None Include="Source\Render\TextureOnly.psh">
      <Filter>Render\Shaders</Filter>
    </None>
    <None Include="Source\Render\VertexLit1.vsh">
      <Filter>Render\Shaders</Filter>
    </None>
    <None Include="Source\Render\VertexLit1Tex.vsh">
      <Filter>Render\Shaders</Filter>
    </None>
    <None Include="Source\Render\XFormOnly.vsh">
      <Filter>Render\Shaders</Filter>
    </None>
    <None Include="Source\Render\XFormTex.vsh">
      <Filter>Render\Shaders</Filter>
    </None>
  </ItemGroup>
</Project>