<?xml version="1.0" encoding="utf-8"?>
<Project ToolsVersion="4.0" xmlns="http://schemas.microsoft.com/developer/msbuild/2003">
  <ItemGroup>
    <Filter Include="Math">
      <UniqueIdentifier>{42328886-3fe2-4288-8d78-8d998996c9e6}</UniqueIdentifier>
    </Filter>
    <Filter Include="Common">
      <UniqueIdentifier>{fa95a770-747f-41b8-b99f-4d967563be1b}</UniqueIdentifier>
    </Filter>
  </ItemGroup>
  <ItemGroup>
    <ClCompile Include="Source\Math\BaseMath.cpp">
      <Filter>Math</Filter>
    </ClCompile>
    <ClCompile Include="Source\Math\CMatrix2x2.cpp">
      <Filter>Math</Filter>
    </ClCompile>
    <ClCompile Include="Source\Math\CMatrix3x3.cpp">
      <Filter>Math</Filter>
    </ClCompile>
    <ClCompile Include="Source\Math\CMatrix4x4.cpp">
      <Filter>Math</Filter>
    </ClCompile>
    <ClCompile Include="Source\Math\CQuaternion.cpp">
      <Filter>Math</Filter>
    </ClCompile>
    <ClCompile Include="Source\Math\CVector2.cpp">
      <Filter>Math</Filter>
    </ClCompile>
    <ClCompile Include="Source\Math\CVector3.cpp">
      <Filter>Math</Filter>
    </ClCompile>
    <ClCompile Include="Source\Math\CVector4.cpp">
      <Filter>Math</Filter>
    </ClCompile>
    <ClCompile Include="Source\Math\MathIO.cpp">
      <Filter>Math</Filter>
    </ClCompile>
    <ClCompile Include="Source\Common\CFatalException.cpp">
      <Filter>Common</Filter>
    </ClCompile>
    <ClCompile Include="Source\Common\MSDefines.cpp">
      <Filter>Common</Filter>
    </ClCompile>
    <ClCompile Include="Source\Common\Utility.cpp">
      <Filter>Common</Filter>
    </ClCompile>
    <ClCompile Include="Source\QuaternionClass.cpp" />
  </ItemGroup>
  <ItemGroup>
    <ClInclude Include="Source\Math\BaseMath.h">
      <Filter>Math</Filter>
    </ClInclude>
    <ClInclude Include="Source\Math\CMatrix2x2.h">
      <Filter>Math</Filter>
    </ClInclude>
    <ClInclude Include="Source\Math\CMatrix3x3.h">
      <Filter>Math</Filter>
    </ClInclude>
    <ClInclude Include="Source\Math\CMatrix4x4.h">
      <Filter>Math</Filter>
    </ClInclude>
    <ClInclude Include="Source\Math\CQuaternion.h">
      <Filter>Math</Filter>
    </ClInclude>
    <ClInclude Include="Source\Math\CVector2.h">
      <Filter>Math</Filter>
    </ClInclude>
    <ClInclude Include="Source\Math\CVector3.h">
      <Filter>Math</Filter>
    </ClInclude>
    <ClInclude Include="Source\Math\CVector4.h">
      <Filter>Math</Filter>
    </ClInclude>
    <ClInclude Include="Source\Math\MathDX.h">
      <Filter>Math</Filter>
    </ClInclude>
    <ClInclude Include="Source\Math\MathIO.h">
      <Filter>Math</Filter>
    </ClInclude>
    <ClInclude Include="Source\Common\CFatalException.h">
      <Filter>Common</Filter>
    </ClInclude>
    <ClInclude Include="Source\Common\Defines.h">
      <Filter>Common</Filter>
    </ClInclude>
    <ClInclude Include="Source\Common\Error.h">
      <Filter>Common</Filter>
    </ClInclude>
    <ClInclude Include="Source\Common\MSDefines.h">
      <Filter>Common</Filter>
    </ClInclude>
    <ClInclude Include="Source\Common\Utility.h">
      <Filter>Common</Filter>
    </ClInclude>
  </ItemGroup>
</Project>